// !$*UTF8*$!
{
	archiveVersion = 1;
	classes = {
	};
	objectVersion = 77;
	objects = {

/* Begin PBXBuildFile section */
		0525CFAB9F5770F3A9E10FBF /* VaultManager.swift in Sources */ = {isa = PBXBuildFile; fileRef = ECF4D0E046CD2AE96517B5AC /* VaultManager.swift */; };
		100D1AE5FEA20720849E25EE /* HUDContentView.swift in Sources */ = {isa = PBXBuildFile; fileRef = 8A8692269C30DC7C435CE107 /* HUDContentView.swift */; };
		10839D1BC618E406833B95CC /* Assets.xcassets in Resources */ = {isa = PBXBuildFile; fileRef = C53EC70F3DA9CDD0CC4EA24F /* Assets.xcassets */; };
		11D068D60F1FBC84E1D988EA /* ClaudeHUDApp.swift in Sources */ = {isa = PBXBuildFile; fileRef = 5E611364C25404DC27D5D60B /* ClaudeHUDApp.swift */; };
		18C337C2013A07B85298D28F /* PermissionWatcherService.swift in Sources */ = {isa = PBXBuildFile; fileRef = BF91CF6EF11224D0DA07ECB9 /* PermissionWatcherService.swift */; };
		2808B31571DA2A54C001878A /* NoteFile.swift in Sources */ = {isa = PBXBuildFile; fileRef = 94F002554690052369E931AE /* NoteFile.swift */; };
		2C29DFF9CEB92A300E5B2FE0 /* MCPServerManager.swift in Sources */ = {isa = PBXBuildFile; fileRef = 8F610738B5C598F62048D6D9 /* MCPServerManager.swift */; };
		2DC1704ACE2F286704A1DF5C /* TerminalService.swift in Sources */ = {isa = PBXBuildFile; fileRef = 2D93C91EF3361FF04D9BB0D3 /* TerminalService.swift */; };
		300F5B400249B3D84DBD6C1F /* permission-watcher.sh in Resources */ = {isa = PBXBuildFile; fileRef = AB272797EF5863C22BEFFDE7 /* permission-watcher.sh */; };
		3AC79C0378BBFE5D3C197E09 /* InputBar.swift in Sources */ = {isa = PBXBuildFile; fileRef = 4A6ED39AD22EDDA61258DC0F /* InputBar.swift */; };
		3D1E8016AF772DEC464B2404 /* ClaudeTypes.swift in Sources */ = {isa = PBXBuildFile; fileRef = 9537964108C725A1208851B5 /* ClaudeTypes.swift */; };
		46302138FE115BA1187EBD3D /* FloatingNoteWindowManager.swift in Sources */ = {isa = PBXBuildFile; fileRef = F5CF31D45958F7B287926676 /* FloatingNoteWindowManager.swift */; };
		4DEA00856BE8FFB74E36A917 /* NoteContentView.swift in Sources */ = {isa = PBXBuildFile; fileRef = 9236DD5E1930C1B92335C9C5 /* NoteContentView.swift */; };
		5710CB25C0CEA83C5DA639BC /* BriefingService.swift in Sources */ = {isa = PBXBuildFile; fileRef = 4B895763A8BC8C627B83B2B8 /* BriefingService.swift */; };
		5E6501CEBB9899408CB2A50E /* PushNotificationManager.swift in Sources */ = {isa = PBXBuildFile; fileRef = 2801C79D6EE1B4B43ED6B5A4 /* PushNotificationManager.swift */; };
		5E8249E75BC7071A42BD394B /* MCPClient.swift in Sources */ = {isa = PBXBuildFile; fileRef = 4E5CC94E94375F63C3B1C6D3 /* MCPClient.swift */; };
		6849853A4E6B85FB19E3A411 /* ChatView.swift in Sources */ = {isa = PBXBuildFile; fileRef = 6FD67A81EBE058854F735069 /* ChatView.swift */; };
		716AF768A9028A0E83E447BD /* SSEMCPClient.swift in Sources */ = {isa = PBXBuildFile; fileRef = 3B9601851634E06856B4D47D /* SSEMCPClient.swift */; };
		73EADD2BE245DD1BB284422A /* ClaudeAPIClient.swift in Sources */ = {isa = PBXBuildFile; fileRef = 4CE87221F1993D02C27C5E1B /* ClaudeAPIClient.swift */; };
		763D915CF0FBE368DEE6A12F /* HotkeyService.swift in Sources */ = {isa = PBXBuildFile; fileRef = D906C2A42EF5CC6963D24D58 /* HotkeyService.swift */; };
		7DC1D28210D31B38F3B6C51A /* ConversationManager.swift in Sources */ = {isa = PBXBuildFile; fileRef = 3256754C76CCAD0FA8F83274 /* ConversationManager.swift */; };
		85FAE3D9A1FB9C99E73D9A64 /* SessionHistoryService.swift in Sources */ = {isa = PBXBuildFile; fileRef = C97BB9EE58B0DBF8AA04FDE7 /* SessionHistoryService.swift */; };
		869D6B56DDA5181778D86A2B /* CalendarService.swift in Sources */ = {isa = PBXBuildFile; fileRef = E19D00F8370F4B9F6E48FE81 /* CalendarService.swift */; };
		8992F9EEB5269203DC7AFD21 /* VaultSettings.swift in Sources */ = {isa = PBXBuildFile; fileRef = 644D06080D4C60BFCF2637FE /* VaultSettings.swift */; };
		8A26FC7995D0630EB4CC2293 /* SettingsView.swift in Sources */ = {isa = PBXBuildFile; fileRef = 7EF50C40A513492539053988 /* SettingsView.swift */; };
		8C46A3A5A8F635DA6316E52D /* HUDPanelController.swift in Sources */ = {isa = PBXBuildFile; fileRef = 39C7242E2783A2815CB305E2 /* HUDPanelController.swift */; };
		9A10C6567AB89D52BB2F6DFC /* MessageBubble.swift in Sources */ = {isa = PBXBuildFile; fileRef = 7BF6467BABED6305C19A0C5C /* MessageBubble.swift */; };
		9C177BBE44ED75A3CDDBE6D3 /* ObsidianBrowserView.swift in Sources */ = {isa = PBXBuildFile; fileRef = 74B1F357AF78627CADF262AA /* ObsidianBrowserView.swift */; };
		9C3637274F96736D202895D8 /* TodayView.swift in Sources */ = {isa = PBXBuildFile; fileRef = 330288F7F0E1F56443C80A74 /* TodayView.swift */; };
		9D1751A3FD807556940D4438 /* ntfy-notify.sh in Resources */ = {isa = PBXBuildFile; fileRef = C6D82DD1759F543B48C98E52 /* ntfy-notify.sh */; };
		9DA0FDBD089DA3477830FAE4 /* MCPConfigLoader.swift in Sources */ = {isa = PBXBuildFile; fileRef = BBEE4757D18F462A43F672AB /* MCPConfigLoader.swift */; };
		A6CE6F13DE90FD2DB48C69A2 /* AppState.swift in Sources */ = {isa = PBXBuildFile; fileRef = 4CFD163F5056F20A18D23477 /* AppState.swift */; };
		AA1830B8C3DD8D346BBF9895 /* KeychainService.swift in Sources */ = {isa = PBXBuildFile; fileRef = CE31FD7228157DC53CDE8B9E /* KeychainService.swift */; };
		AB52E8B15A0B2E94FDCFEAF0 /* ToolCallView.swift in Sources */ = {isa = PBXBuildFile; fileRef = 502D6FDFD2A08657B013ED9B /* ToolCallView.swift */; };
		AF44EBFA0AB87F2490D412F9 /* StdioMCPClient.swift in Sources */ = {isa = PBXBuildFile; fileRef = 19A889B1D9FE0780BB3042FA /* StdioMCPClient.swift */; };
		B28C401B5B93D1B0AE175BE3 /* ObsidianMarkdownView.swift in Sources */ = {isa = PBXBuildFile; fileRef = 2EEBFE2793D1BE2364B60C89 /* ObsidianMarkdownView.swift */; };
		BAC3A285D736D01662A6A794 /* ClaudeCLIClient.swift in Sources */ = {isa = PBXBuildFile; fileRef = 369134DB1B8B42279EB5E1D8 /* ClaudeCLIClient.swift */; };
		EEC5054A3B33EBA08F1A8D24 /* JSONRPCTypes.swift in Sources */ = {isa = PBXBuildFile; fileRef = 620FB4690A1A9D7786A56696 /* JSONRPCTypes.swift */; };
		AA1000000000000000000002 /* ProjectService.swift in Sources */ = {isa = PBXBuildFile; fileRef = AA1000000000000000000001 /* ProjectService.swift */; };
		AA1000000000000000000004 /* ProjectDashboardView.swift in Sources */ = {isa = PBXBuildFile; fileRef = AA1000000000000000000003 /* ProjectDashboardView.swift */; };
		AA2000000000000000000002 /* ProjectBriefingService.swift in Sources */ = {isa = PBXBuildFile; fileRef = AA2000000000000000000001 /* ProjectBriefingService.swift */; };
		AA3000000000000000000002 /* SparkService.swift in Sources */ = {isa = PBXBuildFile; fileRef = AA3000000000000000000001 /* SparkService.swift */; };
		AA4000000000000000000002 /* ContactService.swift in Sources */ = {isa = PBXBuildFile; fileRef = AA4000000000000000000001 /* ContactService.swift */; };
		AA5000000000000000000002 /* PeopleView.swift in Sources */ = {isa = PBXBuildFile; fileRef = AA5000000000000000000001 /* PeopleView.swift */; };
		BB1000000000000000000002 /* TodoItem.swift in Sources */ = {isa = PBXBuildFile; fileRef = BB1000000000000000000001 /* TodoItem.swift */; };
		BB2000000000000000000002 /* RemindersService.swift in Sources */ = {isa = PBXBuildFile; fileRef = BB2000000000000000000001 /* RemindersService.swift */; };
		BB3000000000000000000002 /* WhatsNextView.swift in Sources */ = {isa = PBXBuildFile; fileRef = BB3000000000000000000001 /* WhatsNextView.swift */; };
		CC1000000000000000000002 /* SubstackModels.swift in Sources */ = {isa = PBXBuildFile; fileRef = CC1000000000000000000001 /* SubstackModels.swift */; };
		CC2000000000000000000002 /* SubstackService.swift in Sources */ = {isa = PBXBuildFile; fileRef = CC2000000000000000000001 /* SubstackService.swift */; };
		CC3000000000000000000002 /* SubstackView.swift in Sources */ = {isa = PBXBuildFile; fileRef = CC3000000000000000000001 /* SubstackView.swift */; };
/* End PBXBuildFile section */

/* Begin PBXFileReference section */
		19A889B1D9FE0780BB3042FA /* StdioMCPClient.swift */ = {isa = PBXFileReference; lastKnownFileType = sourcecode.swift; path = StdioMCPClient.swift; sourceTree = "<group>"; };
		2801C79D6EE1B4B43ED6B5A4 /* PushNotificationManager.swift */ = {isa = PBXFileReference; lastKnownFileType = sourcecode.swift; path = PushNotificationManager.swift; sourceTree = "<group>"; };
		2D93C91EF3361FF04D9BB0D3 /* TerminalService.swift */ = {isa = PBXFileReference; lastKnownFileType = sourcecode.swift; path = TerminalService.swift; sourceTree = "<group>"; };
		2EEBFE2793D1BE2364B60C89 /* ObsidianMarkdownView.swift */ = {isa = PBXFileReference; lastKnownFileType = sourcecode.swift; path = ObsidianMarkdownView.swift; sourceTree = "<group>"; };
		3256754C76CCAD0FA8F83274 /* ConversationManager.swift */ = {isa = PBXFileReference; lastKnownFileType = sourcecode.swift; path = ConversationManager.swift; sourceTree = "<group>"; };
		330288F7F0E1F56443C80A74 /* TodayView.swift */ = {isa = PBXFileReference; lastKnownFileType = sourcecode.swift; path = TodayView.swift; sourceTree = "<group>"; };
		369134DB1B8B42279EB5E1D8 /* ClaudeCLIClient.swift */ = {isa = PBXFileReference; lastKnownFileType = sourcecode.swift; path = ClaudeCLIClient.swift; sourceTree = "<group>"; };
		39C7242E2783A2815CB305E2 /* HUDPanelController.swift */ = {isa = PBXFileReference; lastKnownFileType = sourcecode.swift; path = HUDPanelController.swift; sourceTree = "<group>"; };
		3B9601851634E06856B4D47D /* SSEMCPClient.swift */ = {isa = PBXFileReference; lastKnownFileType = sourcecode.swift; path = SSEMCPClient.swift; sourceTree = "<group>"; };
		4A6ED39AD22EDDA61258DC0F /* InputBar.swift */ = {isa = PBXFileReference; lastKnownFileType = sourcecode.swift; path = InputBar.swift; sourceTree = "<group>"; };
		4B895763A8BC8C627B83B2B8 /* BriefingService.swift */ = {isa = PBXFileReference; lastKnownFileType = sourcecode.swift; path = BriefingService.swift; sourceTree = "<group>"; };
		4CE87221F1993D02C27C5E1B /* ClaudeAPIClient.swift */ = {isa = PBXFileReference; lastKnownFileType = sourcecode.swift; path = ClaudeAPIClient.swift; sourceTree = "<group>"; };
		4CFD163F5056F20A18D23477 /* AppState.swift */ = {isa = PBXFileReference; lastKnownFileType = sourcecode.swift; path = AppState.swift; sourceTree = "<group>"; };
		4E5CC94E94375F63C3B1C6D3 /* MCPClient.swift */ = {isa = PBXFileReference; lastKnownFileType = sourcecode.swift; path = MCPClient.swift; sourceTree = "<group>"; };
		502D6FDFD2A08657B013ED9B /* ToolCallView.swift */ = {isa = PBXFileReference; lastKnownFileType = sourcecode.swift; path = ToolCallView.swift; sourceTree = "<group>"; };
		58276C1EA3EC3682B1C6FE36 /* ClaudeHUD.app */ = {isa = PBXFileReference; explicitFileType = wrapper.application; includeInIndex = 0; path = ClaudeHUD.app; sourceTree = BUILT_PRODUCTS_DIR; };
		5E611364C25404DC27D5D60B /* ClaudeHUDApp.swift */ = {isa = PBXFileReference; lastKnownFileType = sourcecode.swift; path = ClaudeHUDApp.swift; sourceTree = "<group>"; };
		620FB4690A1A9D7786A56696 /* JSONRPCTypes.swift */ = {isa = PBXFileReference; lastKnownFileType = sourcecode.swift; path = JSONRPCTypes.swift; sourceTree = "<group>"; };
		644D06080D4C60BFCF2637FE /* VaultSettings.swift */ = {isa = PBXFileReference; lastKnownFileType = sourcecode.swift; path = VaultSettings.swift; sourceTree = "<group>"; };
		68D028D91836CDCCAD3E5DFF /* Info.plist */ = {isa = PBXFileReference; lastKnownFileType = text.plist; path = Info.plist; sourceTree = "<group>"; };
		6FD67A81EBE058854F735069 /* ChatView.swift */ = {isa = PBXFileReference; lastKnownFileType = sourcecode.swift; path = ChatView.swift; sourceTree = "<group>"; };
		74B1F357AF78627CADF262AA /* ObsidianBrowserView.swift */ = {isa = PBXFileReference; lastKnownFileType = sourcecode.swift; path = ObsidianBrowserView.swift; sourceTree = "<group>"; };
		7BF6467BABED6305C19A0C5C /* MessageBubble.swift */ = {isa = PBXFileReference; lastKnownFileType = sourcecode.swift; path = MessageBubble.swift; sourceTree = "<group>"; };
		7EF50C40A513492539053988 /* SettingsView.swift */ = {isa = PBXFileReference; lastKnownFileType = sourcecode.swift; path = SettingsView.swift; sourceTree = "<group>"; };
		8A8692269C30DC7C435CE107 /* HUDContentView.swift */ = {isa = PBXFileReference; lastKnownFileType = sourcecode.swift; path = HUDContentView.swift; sourceTree = "<group>"; };
		8F610738B5C598F62048D6D9 /* MCPServerManager.swift */ = {isa = PBXFileReference; lastKnownFileType = sourcecode.swift; path = MCPServerManager.swift; sourceTree = "<group>"; };
		9236DD5E1930C1B92335C9C5 /* NoteContentView.swift */ = {isa = PBXFileReference; lastKnownFileType = sourcecode.swift; path = NoteContentView.swift; sourceTree = "<group>"; };
		94F002554690052369E931AE /* NoteFile.swift */ = {isa = PBXFileReference; lastKnownFileType = sourcecode.swift; path = NoteFile.swift; sourceTree = "<group>"; };
		9537964108C725A1208851B5 /* ClaudeTypes.swift */ = {isa = PBXFileReference; lastKnownFileType = sourcecode.swift; path = ClaudeTypes.swift; sourceTree = "<group>"; };
		AB272797EF5863C22BEFFDE7 /* permission-watcher.sh */ = {isa = PBXFileReference; lastKnownFileType = text.script.sh; path = "permission-watcher.sh"; sourceTree = "<group>"; };
		BBEE4757D18F462A43F672AB /* MCPConfigLoader.swift */ = {isa = PBXFileReference; lastKnownFileType = sourcecode.swift; path = MCPConfigLoader.swift; sourceTree = "<group>"; };
		BF91CF6EF11224D0DA07ECB9 /* PermissionWatcherService.swift */ = {isa = PBXFileReference; lastKnownFileType = sourcecode.swift; path = PermissionWatcherService.swift; sourceTree = "<group>"; };
		C53EC70F3DA9CDD0CC4EA24F /* Assets.xcassets */ = {isa = PBXFileReference; lastKnownFileType = folder.assetcatalog; path = Assets.xcassets; sourceTree = "<group>"; };
		C6D82DD1759F543B48C98E52 /* ntfy-notify.sh */ = {isa = PBXFileReference; lastKnownFileType = text.script.sh; path = "ntfy-notify.sh"; sourceTree = "<group>"; };
		C97BB9EE58B0DBF8AA04FDE7 /* SessionHistoryService.swift */ = {isa = PBXFileReference; lastKnownFileType = sourcecode.swift; path = SessionHistoryService.swift; sourceTree = "<group>"; };
		CE31FD7228157DC53CDE8B9E /* KeychainService.swift */ = {isa = PBXFileReference; lastKnownFileType = sourcecode.swift; path = KeychainService.swift; sourceTree = "<group>"; };
		D906C2A42EF5CC6963D24D58 /* HotkeyService.swift */ = {isa = PBXFileReference; lastKnownFileType = sourcecode.swift; path = HotkeyService.swift; sourceTree = "<group>"; };
		E19D00F8370F4B9F6E48FE81 /* CalendarService.swift */ = {isa = PBXFileReference; lastKnownFileType = sourcecode.swift; path = CalendarService.swift; sourceTree = "<group>"; };
		ECF4D0E046CD2AE96517B5AC /* VaultManager.swift */ = {isa = PBXFileReference; lastKnownFileType = sourcecode.swift; path = VaultManager.swift; sourceTree = "<group>"; };
		F5CF31D45958F7B287926676 /* FloatingNoteWindowManager.swift */ = {isa = PBXFileReference; lastKnownFileType = sourcecode.swift; path = FloatingNoteWindowManager.swift; sourceTree = "<group>"; };
		AA1000000000000000000001 /* ProjectService.swift */ = {isa = PBXFileReference; lastKnownFileType = sourcecode.swift; path = ProjectService.swift; sourceTree = "<group>"; };
		AA1000000000000000000003 /* ProjectDashboardView.swift */ = {isa = PBXFileReference; lastKnownFileType = sourcecode.swift; path = ProjectDashboardView.swift; sourceTree = "<group>"; };
		AA2000000000000000000001 /* ProjectBriefingService.swift */ = {isa = PBXFileReference; lastKnownFileType = sourcecode.swift; path = ProjectBriefingService.swift; sourceTree = "<group>"; };
		AA3000000000000000000001 /* SparkService.swift */ = {isa = PBXFileReference; lastKnownFileType = sourcecode.swift; path = SparkService.swift; sourceTree = "<group>"; };
		AA4000000000000000000001 /* ContactService.swift */ = {isa = PBXFileReference; lastKnownFileType = sourcecode.swift; path = ContactService.swift; sourceTree = "<group>"; };
		AA5000000000000000000001 /* PeopleView.swift */ = {isa = PBXFileReference; lastKnownFileType = sourcecode.swift; path = PeopleView.swift; sourceTree = "<group>"; };
		BB1000000000000000000001 /* TodoItem.swift */ = {isa = PBXFileReference; lastKnownFileType = sourcecode.swift; path = TodoItem.swift; sourceTree = "<group>"; };
		BB2000000000000000000001 /* RemindersService.swift */ = {isa = PBXFileReference; lastKnownFileType = sourcecode.swift; path = RemindersService.swift; sourceTree = "<group>"; };
		BB3000000000000000000001 /* WhatsNextView.swift */ = {isa = PBXFileReference; lastKnownFileType = sourcecode.swift; path = WhatsNextView.swift; sourceTree = "<group>"; };
		CC1000000000000000000001 /* SubstackModels.swift */ = {isa = PBXFileReference; lastKnownFileType = sourcecode.swift; path = SubstackModels.swift; sourceTree = "<group>"; };
		CC2000000000000000000001 /* SubstackService.swift */ = {isa = PBXFileReference; lastKnownFileType = sourcecode.swift; path = SubstackService.swift; sourceTree = "<group>"; };
		CC3000000000000000000001 /* SubstackView.swift */ = {isa = PBXFileReference; lastKnownFileType = sourcecode.swift; path = SubstackView.swift; sourceTree = "<group>"; };
/* End PBXFileReference section */

/* Begin PBXGroup section */
		023A00D7C3640918DAD935B9 /* Services */ = {
			isa = PBXGroup;
			children = (
				4B895763A8BC8C627B83B2B8 /* BriefingService.swift */,
				E19D00F8370F4B9F6E48FE81 /* CalendarService.swift */,
				AA1000000000000000000001 /* ProjectService.swift */,
				AA2000000000000000000001 /* ProjectBriefingService.swift */,
				AA3000000000000000000001 /* SparkService.swift */,
				AA4000000000000000000001 /* ContactService.swift */,
				D906C2A42EF5CC6963D24D58 /* HotkeyService.swift */,
				CE31FD7228157DC53CDE8B9E /* KeychainService.swift */,
				BF91CF6EF11224D0DA07ECB9 /* PermissionWatcherService.swift */,
				2801C79D6EE1B4B43ED6B5A4 /* PushNotificationManager.swift */,
				C97BB9EE58B0DBF8AA04FDE7 /* SessionHistoryService.swift */,
				2D93C91EF3361FF04D9BB0D3 /* TerminalService.swift */,
				BB2000000000000000000001 /* RemindersService.swift */,
				CC2000000000000000000001 /* SubstackService.swift */,
				ECF4D0E046CD2AE96517B5AC /* VaultManager.swift */,
			);
			path = Services;
			sourceTree = "<group>";
		};
		2A567E2E1C2CA7664A8D4CFE /* App */ = {
			isa = PBXGroup;
			children = (
				4CFD163F5056F20A18D23477 /* AppState.swift */,
				5E611364C25404DC27D5D60B /* ClaudeHUDApp.swift */,
			);
			path = App;
			sourceTree = "<group>";
		};
		61AE31527786A4078CFFBB4A /* Models */ = {
			isa = PBXGroup;
			children = (
				94F002554690052369E931AE /* NoteFile.swift */,
				CC1000000000000000000001 /* SubstackModels.swift */,
				BB1000000000000000000001 /* TodoItem.swift */,
				644D06080D4C60BFCF2637FE /* VaultSettings.swift */,
			);
			path = Models;
			sourceTree = "<group>";
		};
		65352EE3B5A3308A5D671505 /* Products */ = {
			isa = PBXGroup;
			children = (
				58276C1EA3EC3682B1C6FE36 /* ClaudeHUD.app */,
			);
			name = Products;
			sourceTree = "<group>";
		};
		6AA81EE2EE9C0A51482701D9 /* HUDPanel */ = {
			isa = PBXGroup;
			children = (
				8A8692269C30DC7C435CE107 /* HUDContentView.swift */,
				39C7242E2783A2815CB305E2 /* HUDPanelController.swift */,
			);
			path = HUDPanel;
			sourceTree = "<group>";
		};
		9B435E31995D5B29A482D8FA /* Settings */ = {
			isa = PBXGroup;
			children = (
				7EF50C40A513492539053988 /* SettingsView.swift */,
			);
			path = Settings;
			sourceTree = "<group>";
		};
		B49D986F6B45E5C113967045 /* Claude */ = {
			isa = PBXGroup;
			children = (
				4CE87221F1993D02C27C5E1B /* ClaudeAPIClient.swift */,
				369134DB1B8B42279EB5E1D8 /* ClaudeCLIClient.swift */,
				9537964108C725A1208851B5 /* ClaudeTypes.swift */,
				3256754C76CCAD0FA8F83274 /* ConversationManager.swift */,
			);
			path = Claude;
			sourceTree = "<group>";
		};
		B4E41F626E8E42DB2541081F /* MCP */ = {
			isa = PBXGroup;
			children = (
				620FB4690A1A9D7786A56696 /* JSONRPCTypes.swift */,
				4E5CC94E94375F63C3B1C6D3 /* MCPClient.swift */,
				BBEE4757D18F462A43F672AB /* MCPConfigLoader.swift */,
				8F610738B5C598F62048D6D9 /* MCPServerManager.swift */,
				3B9601851634E06856B4D47D /* SSEMCPClient.swift */,
				19A889B1D9FE0780BB3042FA /* StdioMCPClient.swift */,
			);
			path = MCP;
			sourceTree = "<group>";
		};
		C192BF1232CE7CBE179BCA55 = {
			isa = PBXGroup;
			children = (
				ECD771D83C4ECC2333331AD9 /* ClaudeHUD */,
				65352EE3B5A3308A5D671505 /* Products */,
			);
			sourceTree = "<group>";
		};
		C2B0EEA4C66521EED2A06C05 /* Views */ = {
			isa = PBXGroup;
			children = (
				F567D485403F54C56BF3CE92 /* Chat */,
				6AA81EE2EE9C0A51482701D9 /* HUDPanel */,
				C397A64B546A235D0748698F /* Obsidian */,
				9B435E31995D5B29A482D8FA /* Settings */,
				DB36E8D3AF61BCB4DB487E7A /* Today */,
				AA1000000000000000000005 /* Projects */,
				AA5000000000000000000003 /* People */,
				CC4000000000000000000001 /* Substack */,
			);
			path = Views;
			sourceTree = "<group>";
		};
		C3795CBD22C5472AD3B2CD01 /* Resources */ = {
			isa = PBXGroup;
			children = (
				C53EC70F3DA9CDD0CC4EA24F /* Assets.xcassets */,
				68D028D91836CDCCAD3E5DFF /* Info.plist */,
				C6D82DD1759F543B48C98E52 /* ntfy-notify.sh */,
				AB272797EF5863C22BEFFDE7 /* permission-watcher.sh */,
			);
			path = Resources;
			sourceTree = "<group>";
		};
		C397A64B546A235D0748698F /* Obsidian */ = {
			isa = PBXGroup;
			children = (
				F5CF31D45958F7B287926676 /* FloatingNoteWindowManager.swift */,
				9236DD5E1930C1B92335C9C5 /* NoteContentView.swift */,
				74B1F357AF78627CADF262AA /* ObsidianBrowserView.swift */,
				2EEBFE2793D1BE2364B60C89 /* ObsidianMarkdownView.swift */,
			);
			path = Obsidian;
			sourceTree = "<group>";
		};
		DB36E8D3AF61BCB4DB487E7A /* Today */ = {
			isa = PBXGroup;
			children = (
				330288F7F0E1F56443C80A74 /* TodayView.swift */,
				BB3000000000000000000001 /* WhatsNextView.swift */,
			);
			path = Today;
			sourceTree = "<group>";
		};
		ECD771D83C4ECC2333331AD9 /* ClaudeHUD */ = {
			isa = PBXGroup;
			children = (
				2A567E2E1C2CA7664A8D4CFE /* App */,
				B49D986F6B45E5C113967045 /* Claude */,
				B4E41F626E8E42DB2541081F /* MCP */,
				61AE31527786A4078CFFBB4A /* Models */,
				C3795CBD22C5472AD3B2CD01 /* Resources */,
				023A00D7C3640918DAD935B9 /* Services */,
				C2B0EEA4C66521EED2A06C05 /* Views */,
			);
			path = ClaudeHUD;
			sourceTree = "<group>";
		};
		F567D485403F54C56BF3CE92 /* Chat */ = {
			isa = PBXGroup;
			children = (
				6FD67A81EBE058854F735069 /* ChatView.swift */,
				4A6ED39AD22EDDA61258DC0F /* InputBar.swift */,
				7BF6467BABED6305C19A0C5C /* MessageBubble.swift */,
				502D6FDFD2A08657B013ED9B /* ToolCallView.swift */,
			);
			path = Chat;
			sourceTree = "<group>";
		};
		AA1000000000000000000005 /* Projects */ = {
			isa = PBXGroup;
			children = (
				AA1000000000000000000003 /* ProjectDashboardView.swift */,
			);
			path = Projects;
			sourceTree = "<group>";
		};
		AA5000000000000000000003 /* People */ = {
			isa = PBXGroup;
			children = (
				AA5000000000000000000001 /* PeopleView.swift */,
			);
			path = People;
			sourceTree = "<group>";
		};
		CC4000000000000000000001 /* Substack */ = {
			isa = PBXGroup;
			children = (
				CC3000000000000000000001 /* SubstackView.swift */,
			);
			path = Substack;
			sourceTree = "<group>";
		};
/* End PBXGroup section */

/* Begin PBXNativeTarget section */
		ABF719B716BB49AC91160798 /* ClaudeHUD */ = {
			isa = PBXNativeTarget;
			buildConfigurationList = 8B05D3CF710CC09C3C5C630C /* Build configuration list for PBXNativeTarget "ClaudeHUD" */;
			buildPhases = (
				C6D9067576944BDC7C6E9B8F /* Sources */,
				FFD4933A9A5CB66400072958 /* Resources */,
			);
			buildRules = (
			);
			dependencies = (
			);
			name = ClaudeHUD;
			packageProductDependencies = (
			);
			productName = ClaudeHUD;
			productReference = 58276C1EA3EC3682B1C6FE36 /* ClaudeHUD.app */;
			productType = "com.apple.product-type.application";
		};
/* End PBXNativeTarget section */

/* Begin PBXProject section */
		85F9B20E6504A468A15C5A20 /* Project object */ = {
			isa = PBXProject;
			attributes = {
				BuildIndependentTargetsInParallel = YES;
				LastUpgradeCheck = 1600;
				TargetAttributes = {
				};
			};
			buildConfigurationList = 135E36CD5D0A682F71D3C082 /* Build configuration list for PBXProject "ClaudeHUD" */;
			developmentRegion = en;
			hasScannedForEncodings = 0;
			knownRegions = (
				Base,
				en,
			);
			mainGroup = C192BF1232CE7CBE179BCA55;
			minimizedProjectReferenceProxies = 1;
			preferredProjectObjectVersion = 77;
			productRefGroup = 65352EE3B5A3308A5D671505 /* Products */;
			projectDirPath = "";
			projectRoot = "";
			targets = (
				ABF719B716BB49AC91160798 /* ClaudeHUD */,
			);
		};
/* End PBXProject section */

/* Begin PBXResourcesBuildPhase section */
		FFD4933A9A5CB66400072958 /* Resources */ = {
			isa = PBXResourcesBuildPhase;
			buildActionMask = 2147483647;
			files = (
				10839D1BC618E406833B95CC /* Assets.xcassets in Resources */,
				9D1751A3FD807556940D4438 /* ntfy-notify.sh in Resources */,
				300F5B400249B3D84DBD6C1F /* permission-watcher.sh in Resources */,
			);
			runOnlyForDeploymentPostprocessing = 0;
		};
/* End PBXResourcesBuildPhase section */

/* Begin PBXSourcesBuildPhase section */
		C6D9067576944BDC7C6E9B8F /* Sources */ = {
			isa = PBXSourcesBuildPhase;
			buildActionMask = 2147483647;
			files = (
				A6CE6F13DE90FD2DB48C69A2 /* AppState.swift in Sources */,
				5710CB25C0CEA83C5DA639BC /* BriefingService.swift in Sources */,
				869D6B56DDA5181778D86A2B /* CalendarService.swift in Sources */,
				AA1000000000000000000002 /* ProjectService.swift in Sources */,
				AA2000000000000000000002 /* ProjectBriefingService.swift in Sources */,
				AA3000000000000000000002 /* SparkService.swift in Sources */,
				AA1000000000000000000004 /* ProjectDashboardView.swift in Sources */,
				6849853A4E6B85FB19E3A411 /* ChatView.swift in Sources */,
				73EADD2BE245DD1BB284422A /* ClaudeAPIClient.swift in Sources */,
				BAC3A285D736D01662A6A794 /* ClaudeCLIClient.swift in Sources */,
				11D068D60F1FBC84E1D988EA /* ClaudeHUDApp.swift in Sources */,
				3D1E8016AF772DEC464B2404 /* ClaudeTypes.swift in Sources */,
				7DC1D28210D31B38F3B6C51A /* ConversationManager.swift in Sources */,
				46302138FE115BA1187EBD3D /* FloatingNoteWindowManager.swift in Sources */,
				100D1AE5FEA20720849E25EE /* HUDContentView.swift in Sources */,
				8C46A3A5A8F635DA6316E52D /* HUDPanelController.swift in Sources */,
				763D915CF0FBE368DEE6A12F /* HotkeyService.swift in Sources */,
				3AC79C0378BBFE5D3C197E09 /* InputBar.swift in Sources */,
				EEC5054A3B33EBA08F1A8D24 /* JSONRPCTypes.swift in Sources */,
				AA1830B8C3DD8D346BBF9895 /* KeychainService.swift in Sources */,
				5E8249E75BC7071A42BD394B /* MCPClient.swift in Sources */,
				9DA0FDBD089DA3477830FAE4 /* MCPConfigLoader.swift in Sources */,
				2C29DFF9CEB92A300E5B2FE0 /* MCPServerManager.swift in Sources */,
				9A10C6567AB89D52BB2F6DFC /* MessageBubble.swift in Sources */,
				4DEA00856BE8FFB74E36A917 /* NoteContentView.swift in Sources */,
				2808B31571DA2A54C001878A /* NoteFile.swift in Sources */,
				9C177BBE44ED75A3CDDBE6D3 /* ObsidianBrowserView.swift in Sources */,
				B28C401B5B93D1B0AE175BE3 /* ObsidianMarkdownView.swift in Sources */,
				18C337C2013A07B85298D28F /* PermissionWatcherService.swift in Sources */,
				5E6501CEBB9899408CB2A50E /* PushNotificationManager.swift in Sources */,
				716AF768A9028A0E83E447BD /* SSEMCPClient.swift in Sources */,
				85FAE3D9A1FB9C99E73D9A64 /* SessionHistoryService.swift in Sources */,
				8A26FC7995D0630EB4CC2293 /* SettingsView.swift in Sources */,
				AF44EBFA0AB87F2490D412F9 /* StdioMCPClient.swift in Sources */,
				2DC1704ACE2F286704A1DF5C /* TerminalService.swift in Sources */,
				9C3637274F96736D202895D8 /* TodayView.swift in Sources */,
				AB52E8B15A0B2E94FDCFEAF0 /* ToolCallView.swift in Sources */,
				0525CFAB9F5770F3A9E10FBF /* VaultManager.swift in Sources */,
				8992F9EEB5269203DC7AFD21 /* VaultSettings.swift in Sources */,
				AA4000000000000000000002 /* ContactService.swift in Sources */,
				AA5000000000000000000002 /* PeopleView.swift in Sources */,
				BB1000000000000000000002 /* TodoItem.swift in Sources */,
				BB2000000000000000000002 /* RemindersService.swift in Sources */,
				BB3000000000000000000002 /* WhatsNextView.swift in Sources */,
				CC1000000000000000000002 /* SubstackModels.swift in Sources */,
				CC2000000000000000000002 /* SubstackService.swift in Sources */,
				CC3000000000000000000002 /* SubstackView.swift in Sources */,
			);
			runOnlyForDeploymentPostprocessing = 0;
		};
/* End PBXSourcesBuildPhase section */

/* Begin XCBuildConfiguration section */
		3B8C82EC1CDD8F8C0A951B56 /* Debug */ = {
			isa = XCBuildConfiguration;
			buildSettings = {
				ASSETCATALOG_COMPILER_APPICON_NAME = AppIcon;
				CODE_SIGN_ENTITLEMENTS = ClaudeHUD/Resources/ClaudeHUD.entitlements;
				CODE_SIGN_IDENTITY = "-";
				COMBINE_HIDPI_IMAGES = YES;
				ENABLE_HARDENED_RUNTIME = YES;
				GENERATE_INFOPLIST_FILE = NO;
				INFOPLIST_FILE = ClaudeHUD/Resources/Info.plist;
				LD_RUNPATH_SEARCH_PATHS = (
					"$(inherited)",
					"@executable_path/../Frameworks",
				);
				MACOSX_DEPLOYMENT_TARGET = 14.0;
				PRODUCT_BUNDLE_IDENTIFIER = com.claudehud.app;
				PRODUCT_NAME = ClaudeHUD;
				SDKROOT = macosx;
				SWIFT_VERSION = 5.9;
			};
			name = Debug;
		};
		D1FF3A7E6EEB4B6D80F383C2 /* Debug */ = {
			isa = XCBuildConfiguration;
			buildSettings = {
				ALWAYS_SEARCH_USER_PATHS = NO;
				CLANG_ANALYZER_NONNULL = YES;
				CLANG_ANALYZER_NUMBER_OBJECT_CONVERSION = YES_AGGRESSIVE;
				CLANG_CXX_LANGUAGE_STANDARD = "gnu++14";
				CLANG_CXX_LIBRARY = "libc++";
				CLANG_ENABLE_MODULES = YES;
				CLANG_ENABLE_OBJC_ARC = YES;
				CLANG_ENABLE_OBJC_WEAK = YES;
				CLANG_WARN_BLOCK_CAPTURE_AUTORELEASING = YES;
				CLANG_WARN_BOOL_CONVERSION = YES;
				CLANG_WARN_COMMA = YES;
				CLANG_WARN_CONSTANT_CONVERSION = YES;
				CLANG_WARN_DEPRECATED_OBJC_IMPLEMENTATIONS = YES;
				CLANG_WARN_DIRECT_OBJC_ISA_USAGE = YES_ERROR;
				CLANG_WARN_DOCUMENTATION_COMMENTS = YES;
				CLANG_WARN_EMPTY_BODY = YES;
				CLANG_WARN_ENUM_CONVERSION = YES;
				CLANG_WARN_INFINITE_RECURSION = YES;
				CLANG_WARN_INT_CONVERSION = YES;
				CLANG_WARN_NON_LITERAL_NULL_CONVERSION = YES;
				CLANG_WARN_OBJC_IMPLICIT_RETAIN_SELF = YES;
				CLANG_WARN_OBJC_LITERAL_CONVERSION = YES;
				CLANG_WARN_OBJC_ROOT_CLASS = YES_ERROR;
				CLANG_WARN_QUOTED_INCLUDE_IN_FRAMEWORK_HEADER = YES;
				CLANG_WARN_RANGE_LOOP_ANALYSIS = YES;
				CLANG_WARN_STRICT_PROTOTYPES = YES;
				CLANG_WARN_SUSPICIOUS_MOVE = YES;
				CLANG_WARN_UNGUARDED_AVAILABILITY = YES_AGGRESSIVE;
				CLANG_WARN_UNREACHABLE_CODE = YES;
				CLANG_WARN__DUPLICATE_METHOD_MATCH = YES;
				COPY_PHASE_STRIP = NO;
				DEBUG_INFORMATION_FORMAT = dwarf;
				ENABLE_STRICT_OBJC_MSGSEND = YES;
				ENABLE_TESTABILITY = YES;
				GCC_C_LANGUAGE_STANDARD = gnu11;
				GCC_DYNAMIC_NO_PIC = NO;
				GCC_NO_COMMON_BLOCKS = YES;
				GCC_OPTIMIZATION_LEVEL = 0;
				GCC_PREPROCESSOR_DEFINITIONS = (
					"$(inherited)",
					"DEBUG=1",
				);
				GCC_WARN_64_TO_32_BIT_CONVERSION = YES;
				GCC_WARN_ABOUT_RETURN_TYPE = YES_ERROR;
				GCC_WARN_UNDECLARED_SELECTOR = YES;
				GCC_WARN_UNINITIALIZED_AUTOS = YES_AGGRESSIVE;
				GCC_WARN_UNUSED_FUNCTION = YES;
				GCC_WARN_UNUSED_VARIABLE = YES;
				MACOSX_DEPLOYMENT_TARGET = 14.0;
				MTL_ENABLE_DEBUG_INFO = INCLUDE_SOURCE;
				MTL_FAST_MATH = YES;
				ONLY_ACTIVE_ARCH = YES;
				PRODUCT_NAME = "$(TARGET_NAME)";
				SDKROOT = macosx;
				SWIFT_ACTIVE_COMPILATION_CONDITIONS = DEBUG;
				SWIFT_OPTIMIZATION_LEVEL = "-Onone";
				SWIFT_VERSION = 5.0;
			};
			name = Debug;
		};
		EF294409DC750B6010324763 /* Release */ = {
			isa = XCBuildConfiguration;
			buildSettings = {
				ALWAYS_SEARCH_USER_PATHS = NO;
				CLANG_ANALYZER_NONNULL = YES;
				CLANG_ANALYZER_NUMBER_OBJECT_CONVERSION = YES_AGGRESSIVE;
				CLANG_CXX_LANGUAGE_STANDARD = "gnu++14";
				CLANG_CXX_LIBRARY = "libc++";
				CLANG_ENABLE_MODULES = YES;
				CLANG_ENABLE_OBJC_ARC = YES;
				CLANG_ENABLE_OBJC_WEAK = YES;
				CLANG_WARN_BLOCK_CAPTURE_AUTORELEASING = YES;
				CLANG_WARN_BOOL_CONVERSION = YES;
				CLANG_WARN_COMMA = YES;
				CLANG_WARN_CONSTANT_CONVERSION = YES;
				CLANG_WARN_DEPRECATED_OBJC_IMPLEMENTATIONS = YES;
				CLANG_WARN_DIRECT_OBJC_ISA_USAGE = YES_ERROR;
				CLANG_WARN_DOCUMENTATION_COMMENTS = YES;
				CLANG_WARN_EMPTY_BODY = YES;
				CLANG_WARN_ENUM_CONVERSION = YES;
				CLANG_WARN_INFINITE_RECURSION = YES;
				CLANG_WARN_INT_CONVERSION = YES;
				CLANG_WARN_NON_LITERAL_NULL_CONVERSION = YES;
				CLANG_WARN_OBJC_IMPLICIT_RETAIN_SELF = YES;
				CLANG_WARN_OBJC_LITERAL_CONVERSION = YES;
				CLANG_WARN_OBJC_ROOT_CLASS = YES_ERROR;
				CLANG_WARN_QUOTED_INCLUDE_IN_FRAMEWORK_HEADER = YES;
				CLANG_WARN_RANGE_LOOP_ANALYSIS = YES;
				CLANG_WARN_STRICT_PROTOTYPES = YES;
				CLANG_WARN_SUSPICIOUS_MOVE = YES;
				CLANG_WARN_UNGUARDED_AVAILABILITY = YES_AGGRESSIVE;
				CLANG_WARN_UNREACHABLE_CODE = YES;
				CLANG_WARN__DUPLICATE_METHOD_MATCH = YES;
				COPY_PHASE_STRIP = NO;
				DEBUG_INFORMATION_FORMAT = "dwarf-with-dsym";
				ENABLE_NS_ASSERTIONS = NO;
				ENABLE_STRICT_OBJC_MSGSEND = YES;
				GCC_C_LANGUAGE_STANDARD = gnu11;
				GCC_NO_COMMON_BLOCKS = YES;
				GCC_WARN_64_TO_32_BIT_CONVERSION = YES;
				GCC_WARN_ABOUT_RETURN_TYPE = YES_ERROR;
				GCC_WARN_UNDECLARED_SELECTOR = YES;
				GCC_WARN_UNINITIALIZED_AUTOS = YES_AGGRESSIVE;
				GCC_WARN_UNUSED_FUNCTION = YES;
				GCC_WARN_UNUSED_VARIABLE = YES;
				MACOSX_DEPLOYMENT_TARGET = 14.0;
				MTL_ENABLE_DEBUG_INFO = NO;
				MTL_FAST_MATH = YES;
				PRODUCT_NAME = "$(TARGET_NAME)";
				SDKROOT = macosx;
				SWIFT_COMPILATION_MODE = wholemodule;
				SWIFT_OPTIMIZATION_LEVEL = "-O";
				SWIFT_VERSION = 5.0;
			};
			name = Release;
		};
		F12EFE2FFD7C3A505E7DDC85 /* Release */ = {
			isa = XCBuildConfiguration;
			buildSettings = {
				ASSETCATALOG_COMPILER_APPICON_NAME = AppIcon;
				CODE_SIGN_ENTITLEMENTS = ClaudeHUD/Resources/ClaudeHUD.entitlements;
				CODE_SIGN_IDENTITY = "-";
				COMBINE_HIDPI_IMAGES = YES;
				ENABLE_HARDENED_RUNTIME = YES;
				GENERATE_INFOPLIST_FILE = NO;
				INFOPLIST_FILE = ClaudeHUD/Resources/Info.plist;
				LD_RUNPATH_SEARCH_PATHS = (
					"$(inherited)",
					"@executable_path/../Frameworks",
				);
				MACOSX_DEPLOYMENT_TARGET = 14.0;
				PRODUCT_BUNDLE_IDENTIFIER = com.claudehud.app;
				PRODUCT_NAME = ClaudeHUD;
				SDKROOT = macosx;
				SWIFT_VERSION = 5.9;
			};
			name = Release;
		};
/* End XCBuildConfiguration section */

/* Begin XCConfigurationList section */
		135E36CD5D0A682F71D3C082 /* Build configuration list for PBXProject "ClaudeHUD" */ = {
			isa = XCConfigurationList;
			buildConfigurations = (
				D1FF3A7E6EEB4B6D80F383C2 /* Debug */,
				EF294409DC750B6010324763 /* Release */,
			);
			defaultConfigurationIsVisible = 0;
			defaultConfigurationName = Debug;
		};
		8B05D3CF710CC09C3C5C630C /* Build configuration list for PBXNativeTarget "ClaudeHUD" */ = {
			isa = XCConfigurationList;
			buildConfigurations = (
				3B8C82EC1CDD8F8C0A951B56 /* Debug */,
				F12EFE2FFD7C3A505E7DDC85 /* Release */,
			);
			defaultConfigurationIsVisible = 0;
			defaultConfigurationName = Debug;
		};
/* End XCConfigurationList section */
	};
	rootObject = 85F9B20E6504A468A15C5A20 /* Project object */;
}
